
Microsoft Visual Studio Solution File, Format Version 12.00
# Visual Studio Version 17
VisualStudioVersion = 17.8.34511.84
MinimumVisualStudioVersion = 10.0.40219.1
Project("{9A19103F-16F7-4668-BE54-9A1E7A4F7556}") = "BlazorCrud.Server", "BlazorCrud.Server\BlazorCrud.Server.csproj", "{8B7AF23B-C8EF-4909-94E4-CC68B45261F7}"
EndProject
Project("{9A19103F-16F7-4668-BE54-9A1E7A4F7556}") = "BlazorCrud.Shared", "BlazorCrud.Shared\BlazorCrud.Shared.csproj", "{2F823521-4F1C-4E4E-924C-6C7523B95186}"
EndProject
Project("{9A19103F-16F7-4668-BE54-9A1E7A4F7556}") = "BlazorCrud.Client", "BlazorCrud.Client\BlazorCrud.Client.csproj", "{625E88C3-1709-4F4C-826C-C2FFD7FC39A7}"
EndProject
Global
	GlobalSection(SolutionConfigurationPlatforms) = preSolution
		Debug|Any CPU = Debug|Any CPU
		Release|Any CPU = Release|Any CPU
	EndGlobalSection
	GlobalSection(ProjectConfigurationPlatforms) = postSolution
		{8B7AF23B-C8EF-4909-94E4-CC68B45261F7}.Debug|Any CPU.ActiveCfg = Debug|Any CPU
		{8B7AF23B-C8EF-4909-94E4-CC68B45261F7}.Debug|Any CPU.Build.0 = Debug|Any CPU
		{8B7AF23B-C8EF-4909-94E4-CC68B45261F7}.Release|Any CPU.ActiveCfg = Release|Any CPU
		{8B7AF23B-C8EF-4909-94E4-CC68B45261F7}.Release|Any CPU.Build.0 = Release|Any CPU
		{2F823521-4F1C-4E4E-924C-6C7523B95186}.Debug|Any CPU.ActiveCfg = Debug|Any CPU
		{2F823521-4F1C-4E4E-924C-6C7523B95186}.Debug|Any CPU.Build.0 = Debug|Any CPU
		{2F823521-4F1C-4E4E-924C-6C7523B95186}.Release|Any CPU.ActiveCfg = Release|Any CPU
		{2F823521-4F1C-4E4E-924C-6C7523B95186}.Release|Any CPU.Build.0 = Release|Any CPU
		{625E88C3-1709-4F4C-826C-C2FFD7FC39A7}.Debug|Any CPU.ActiveCfg = Debug|Any CPU
		{625E88C3-1709-4F4C-826C-C2FFD7FC39A7}.Debug|Any CPU.Build.0 = Debug|Any CPU
		{625E88C3-1709-4F4C-826C-C2FFD7FC39A7}.Release|Any CPU.ActiveCfg = Release|Any CPU
		{625E88C3-1709-4F4C-826C-C2FFD7FC39A7}.Release|Any CPU.Build.0 = Release|Any CPU
	EndGlobalSection
	GlobalSection(SolutionProperties) = preSolution
		HideSolutionNode = FALSE
	EndGlobalSection
	GlobalSection(ExtensibilityGlobals) = postSolution
		SolutionGuid = {BC385361-86D2-491D-9F4D-E291ABBD4FF6}
	EndGlobalSection
EndGlobal
